// !$*UTF8*$!
{
	archiveVersion = 1;
	classes = {
	};
	objectVersion = 46;
	objects = {

/* Begin PBXBuildFile section */
		490E05EF1C9D77F30016BA6F /* AppDelegate.swift in Sources */ = {isa = PBXBuildFile; fileRef = 490E05EE1C9D77F30016BA6F /* AppDelegate.swift */; };
		490E05F11C9D77F30016BA6F /* ViewController.swift in Sources */ = {isa = PBXBuildFile; fileRef = 490E05F01C9D77F30016BA6F /* ViewController.swift */; };
		490E05F41C9D77F30016BA6F /* Main.storyboard in Resources */ = {isa = PBXBuildFile; fileRef = 490E05F21C9D77F30016BA6F /* Main.storyboard */; };
		490E05F61C9D77F30016BA6F /* Assets.xcassets in Resources */ = {isa = PBXBuildFile; fileRef = 490E05F51C9D77F30016BA6F /* Assets.xcassets */; };
		490E05F91C9D77F30016BA6F /* LaunchScreen.storyboard in Resources */ = {isa = PBXBuildFile; fileRef = 490E05F71C9D77F30016BA6F /* LaunchScreen.storyboard */; };
		490E06011C9D78070016BA6F /* Article.swift in Sources */ = {isa = PBXBuildFile; fileRef = 490E06001C9D78070016BA6F /* Article.swift */; };
		490E06031C9D7B1E0016BA6F /* NetworkOperation.swift in Sources */ = {isa = PBXBuildFile; fileRef = 490E06021C9D7B1E0016BA6F /* NetworkOperation.swift */; };
		490E06051C9D7B4F0016BA6F /* NewsService.swift in Sources */ = {isa = PBXBuildFile; fileRef = 490E06041C9D7B4F0016BA6F /* NewsService.swift */; };
/* End PBXBuildFile section */

/* Begin PBXFileReference section */
		490E05EB1C9D77F30016BA6F /* NewsApp.app */ = {isa = PBXFileReference; explicitFileType = wrapper.application; includeInIndex = 0; path = NewsApp.app; sourceTree = BUILT_PRODUCTS_DIR; };
		490E05EE1C9D77F30016BA6F /* AppDelegate.swift */ = {isa = PBXFileReference; lastKnownFileType = sourcecode.swift; path = AppDelegate.swift; sourceTree = "<group>"; };
		490E05F01C9D77F30016BA6F /* ViewController.swift */ = {isa = PBXFileReference; lastKnownFileType = sourcecode.swift; path = ViewController.swift; sourceTree = "<group>"; };
		490E05F31C9D77F30016BA6F /* Base */ = {isa = PBXFileReference; lastKnownFileType = file.storyboard; name = Base; path = Base.lproj/Main.storyboard; sourceTree = "<group>"; };
		490E05F51C9D77F30016BA6F /* Assets.xcassets */ = {isa = PBXFileReference; lastKnownFileType = folder.assetcatalog; path = Assets.xcassets; sourceTree = "<group>"; };
		490E05F81C9D77F30016BA6F /* Base */ = {isa = PBXFileReference; lastKnownFileType = file.storyboard; name = Base; path = Base.lproj/LaunchScreen.storyboard; sourceTree = "<group>"; };
		490E05FA1C9D77F30016BA6F /* Info.plist */ = {isa = PBXFileReference; lastKnownFileType = text.plist.xml; path = Info.plist; sourceTree = "<group>"; };
		490E06001C9D78070016BA6F /* Article.swift */ = {isa = PBXFileReference; fileEncoding = 4; lastKnownFileType = sourcecode.swift; path = Article.swift; sourceTree = "<group>"; };
		490E06021C9D7B1E0016BA6F /* NetworkOperation.swift */ = {isa = PBXFileReference; fileEncoding = 4; lastKnownFileType = sourcecode.swift; path = NetworkOperation.swift; sourceTree = "<group>"; };
		490E06041C9D7B4F0016BA6F /* NewsService.swift */ = {isa = PBXFileReference; fileEncoding = 4; lastKnownFileType = sourcecode.swift; path = NewsService.swift; sourceTree = "<group>"; };
/* End PBXFileReference section */

/* Begin PBXFrameworksBuildPhase section */
		490E05E81C9D77F30016BA6F /* Frameworks */ = {
			isa = PBXFrameworksBuildPhase;
			buildActionMask = 2147483647;
			files = (
			);
			runOnlyForDeploymentPostprocessing = 0;
		};
/* End PBXFrameworksBuildPhase section */

/* Begin PBXGroup section */
		490E05E21C9D77F30016BA6F = {
			isa = PBXGroup;
			children = (
				490E05ED1C9D77F30016BA6F /* NewsApp */,
				490E05EC1C9D77F30016BA6F /* Products */,
			);
			sourceTree = "<group>";
		};
		490E05EC1C9D77F30016BA6F /* Products */ = {
			isa = PBXGroup;
			children = (
				490E05EB1C9D77F30016BA6F /* NewsApp.app */,
			);
			name = Products;
			sourceTree = "<group>";
		};
		490E05ED1C9D77F30016BA6F /* NewsApp */ = {
			isa = PBXGroup;
			children = (
				49D991051C9DC1F000BC0951 /* Networking */,
				490E06061C9D7C530016BA6F /* Models */,
				490E05EE1C9D77F30016BA6F /* AppDelegate.swift */,
				490E05F01C9D77F30016BA6F /* ViewController.swift */,
				490E05F21C9D77F30016BA6F /* Main.storyboard */,
				490E05F51C9D77F30016BA6F /* Assets.xcassets */,
				490E05F71C9D77F30016BA6F /* LaunchScreen.storyboard */,
				490E05FA1C9D77F30016BA6F /* Info.plist */,
			);
			path = NewsApp;
			sourceTree = "<group>";
		};
		490E06061C9D7C530016BA6F /* Models */ = {
			isa = PBXGroup;
			children = (
				490E06001C9D78070016BA6F /* Article.swift */,
			);
			name = Models;
			sourceTree = "<group>";
		};
		49D991051C9DC1F000BC0951 /* Networking */ = {
			isa = PBXGroup;
			children = (
				490E06021C9D7B1E0016BA6F /* NetworkOperation.swift */,
				490E06041C9D7B4F0016BA6F /* NewsService.swift */,
			);
			name = Networking;
			sourceTree = "<group>";
		};
/* End PBXGroup section */

/* Begin PBXNativeTarget section */
		490E05EA1C9D77F30016BA6F /* NewsApp */ = {
			isa = PBXNativeTarget;
			buildConfigurationList = 490E05FD1C9D77F30016BA6F /* Build configuration list for PBXNativeTarget "NewsApp" */;
			buildPhases = (
				490E05E71C9D77F30016BA6F /* Sources */,
				490E05E81C9D77F30016BA6F /* Frameworks */,
				490E05E91C9D77F30016BA6F /* Resources */,
			);
			buildRules = (
			);
			dependencies = (
			);
			name = NewsApp;
			productName = NewsApp;
			productReference = 490E05EB1C9D77F30016BA6F /* NewsApp.app */;
			productType = "com.apple.product-type.application";
		};
/* End PBXNativeTarget section */

/* Begin PBXProject section */
		490E05E31C9D77F30016BA6F /* Project object */ = {
			isa = PBXProject;
			attributes = {
				LastSwiftUpdateCheck = 0720;
				LastUpgradeCheck = 0800;
				ORGANIZATIONNAME = TeodorGarzdin;
				TargetAttributes = {
					490E05EA1C9D77F30016BA6F = {
						CreatedOnToolsVersion = 7.2.1;
						LastSwiftMigration = 0800;
					};
				};
			};
			buildConfigurationList = 490E05E61C9D77F30016BA6F /* Build configuration list for PBXProject "NewsApp" */;
			compatibilityVersion = "Xcode 3.2";
			developmentRegion = English;
			hasScannedForEncodings = 0;
			knownRegions = (
				en,
				Base,
			);
			mainGroup = 490E05E21C9D77F30016BA6F;
			productRefGroup = 490E05EC1C9D77F30016BA6F /* Products */;
			projectDirPath = "";
			projectRoot = "";
			targets = (
				490E05EA1C9D77F30016BA6F /* NewsApp */,
			);
		};
/* End PBXProject section */

/* Begin PBXResourcesBuildPhase section */
		490E05E91C9D77F30016BA6F /* Resources */ = {
			isa = PBXResourcesBuildPhase;
			buildActionMask = 2147483647;
			files = (
				490E05F91C9D77F30016BA6F /* LaunchScreen.storyboard in Resources */,
				490E05F61C9D77F30016BA6F /* Assets.xcassets in Resources */,
				490E05F41C9D77F30016BA6F /* Main.storyboard in Resources */,
			);
			runOnlyForDeploymentPostprocessing = 0;
		};
/* End PBXResourcesBuildPhase section */

/* Begin PBXSourcesBuildPhase section */
		490E05E71C9D77F30016BA6F /* Sources */ = {
			isa = PBXSourcesBuildPhase;
			buildActionMask = 2147483647;
			files = (
				490E06051C9D7B4F0016BA6F /* NewsService.swift in Sources */,
				490E06031C9D7B1E0016BA6F /* NetworkOperation.swift in Sources */,
				490E05F11C9D77F30016BA6F /* ViewController.swift in Sources */,
				490E05EF1C9D77F30016BA6F /* AppDelegate.swift in Sources */,
				490E06011C9D78070016BA6F /* Article.swift in Sources */,
			);
			runOnlyForDeploymentPostprocessing = 0;
		};
/* End PBXSourcesBuildPhase section */

/* Begin PBXVariantGroup section */
		490E05F21C9D77F30016BA6F /* Main.storyboard */ = {
			isa = PBXVariantGroup;
			children = (
				490E05F31C9D77F30016BA6F /* Base */,
			);
			name = Main.storyboard;
			sourceTree = "<group>";
		};
		490E05F71C9D77F30016BA6F /* LaunchScreen.storyboard */ = {
			isa = PBXVariantGroup;
			children = (
				490E05F81C9D77F30016BA6F /* Base */,
			);
			name = LaunchScreen.storyboard;
			sourceTree = "<group>";
		};
/* End PBXVariantGroup section */

/* Begin XCBuildConfiguration section */
		490E05FB1C9D77F30016BA6F /* Debug */ = {
			isa = XCBuildConfiguration;
			buildSettings = {
				ALWAYS_SEARCH_USER_PATHS = NO;
				CLANG_CXX_LANGUAGE_STANDARD = "gnu++0x";
				CLANG_CXX_LIBRARY = "libc++";
				CLANG_ENABLE_MODULES = YES;
				CLANG_ENABLE_OBJC_ARC = YES;
				CLANG_WARN_BOOL_CONVERSION = YES;
				CLANG_WARN_CONSTANT_CONVERSION = YES;
				CLANG_WARN_DIRECT_OBJC_ISA_USAGE = YES_ERROR;
				CLANG_WARN_EMPTY_BODY = YES;
				CLANG_WARN_ENUM_CONVERSION = YES;
				CLANG_WARN_INT_CONVERSION = YES;
				CLANG_WARN_OBJC_ROOT_CLASS = YES_ERROR;
				CLANG_WARN_UNREACHABLE_CODE = YES;
				CLANG_WARN__DUPLICATE_METHOD_MATCH = YES;
				"CODE_SIGN_IDENTITY[sdk=iphoneos*]" = "iPhone Developer";
				COPY_PHASE_STRIP = NO;
				DEBUG_INFORMATION_FORMAT = dwarf;
				ENABLE_STRICT_OBJC_MSGSEND = YES;
				ENABLE_TESTABILITY = YES;
				GCC_C_LANGUAGE_STANDARD = gnu99;
				GCC_DYNAMIC_NO_PIC = NO;
				GCC_NO_COMMON_BLOCKS = YES;
				GCC_OPTIMIZATION_LEVEL = 0;
				GCC_PREPROCESSOR_DEFINITIONS = (
					"DEBUG=1",
					"$(inherited)",
				);
				GCC_WARN_64_TO_32_BIT_CONVERSION = YES;
				GCC_WARN_ABOUT_RETURN_TYPE = YES_ERROR;
				GCC_WARN_UNDECLARED_SELECTOR = YES;
				GCC_WARN_UNINITIALIZED_AUTOS = YES_AGGRESSIVE;
				GCC_WARN_UNUSED_FUNCTION = YES;
				GCC_WARN_UNUSED_VARIABLE = YES;
				IPHONEOS_DEPLOYMENT_TARGET = 9.2;
				MTL_ENABLE_DEBUG_INFO = YES;
				ONLY_ACTIVE_ARCH = YES;
				SDKROOT = iphoneos;
				SWIFT_OPTIMIZATION_LEVEL = "-Onone";
			};
			name = Debug;
		};
		490E05FC1C9D77F30016BA6F /* Release */ = {
			isa = XCBuildConfiguration;
			buildSettings = {
				ALWAYS_SEARCH_USER_PATHS = NO;
				CLANG_CXX_LANGUAGE_STANDARD = "gnu++0x";
				CLANG_CXX_LIBRARY = "libc++";
				CLANG_ENABLE_MODULES = YES;
				CLANG_ENABLE_OBJC_ARC = YES;
				CLANG_WARN_BOOL_CONVERSION = YES;
				CLANG_WARN_CONSTANT_CONVERSION = YES;
				CLANG_WARN_DIRECT_OBJC_ISA_USAGE = YES_ERROR;
				CLANG_WARN_EMPTY_BODY = YES;
				CLANG_WARN_ENUM_CONVERSION = YES;
				CLANG_WARN_INT_CONVERSION = YES;
				CLANG_WARN_OBJC_ROOT_CLASS = YES_ERROR;
				CLANG_WARN_UNREACHABLE_CODE = YES;
				CLANG_WARN__DUPLICATE_METHOD_MATCH = YES;
				"CODE_SIGN_IDENTITY[sdk=iphoneos*]" = "iPhone Developer";
				COPY_PHASE_STRIP = NO;
				DEBUG_INFORMATION_FORMAT = "dwarf-with-dsym";
				ENABLE_NS_ASSERTIONS = NO;
				ENABLE_STRICT_OBJC_MSGSEND = YES;
				GCC_C_LANGUAGE_STANDARD = gnu99;
				GCC_NO_COMMON_BLOCKS = YES;
				GCC_WARN_64_TO_32_BIT_CONVERSION = YES;
				GCC_WARN_ABOUT_RETURN_TYPE = YES_ERROR;
				GCC_WARN_UNDECLARED_SELECTOR = YES;
				GCC_WARN_UNINITIALIZED_AUTOS = YES_AGGRESSIVE;
				GCC_WARN_UNUSED_FUNCTION = YES;
				GCC_WARN_UNUSED_VARIABLE = YES;
				IPHONEOS_DEPLOYMENT_TARGET = 9.2;
				MTL_ENABLE_DEBUG_INFO = NO;
				SDKROOT = iphoneos;
				VALIDATE_PRODUCT = YES;
			};
			name = Release;
		};
		490E05FE1C9D77F30016BA6F /* Debug */ = {
			isa = XCBuildConfiguration;
			buildSettings = {
				ASSETCATALOG_COMPILER_APPICON_NAME = AppIcon;
				INFOPLIST_FILE = NewsApp/Info.plist;
				LD_RUNPATH_SEARCH_PATHS = "$(inherited) @executable_path/Frameworks";
				PRODUCT_BUNDLE_IDENTIFIER = com.teodorgarzdin.NewsApp;
				PRODUCT_NAME = "$(TARGET_NAME)";
				SWIFT_VERSION = 3.0;
			};
			name = Debug;
		};
		490E05FF1C9D77F30016BA6F /* Release */ = {
			isa = XCBuildConfiguration;
			buildSettings = {
				ASSETCATALOG_COMPILER_APPICON_NAME = AppIcon;
				INFOPLIST_FILE = NewsApp/Info.plist;
				LD_RUNPATH_SEARCH_PATHS = "$(inherited) @executable_path/Frameworks";
				PRODUCT_BUNDLE_IDENTIFIER = com.teodorgarzdin.NewsApp;
				PRODUCT_NAME = "$(TARGET_NAME)";
				SWIFT_OPTIMIZATION_LEVEL = "-Owholemodule";
				SWIFT_VERSION = 3.0;
			};
			name = Release;
		};
/* End XCBuildConfiguration section */

/* Begin XCConfigurationList section */
		490E05E61C9D77F30016BA6F /* Build configuration list for PBXProject "NewsApp" */ = {
			isa = XCConfigurationList;
			buildConfigurations = (
				490E05FB1C9D77F30016BA6F /* Debug */,
				490E05FC1C9D77F30016BA6F /* Release */,
			);
			defaultConfigurationIsVisible = 0;
			defaultConfigurationName = Release;
		};
		490E05FD1C9D77F30016BA6F /* Build configuration list for PBXNativeTarget "NewsApp" */ = {
			isa = XCConfigurationList;
			buildConfigurations = (
				490E05FE1C9D77F30016BA6F /* Debug */,
				490E05FF1C9D77F30016BA6F /* Release */,
			);
			defaultConfigurationIsVisible = 0;
			defaultConfigurationName = Release;
		};
/* End XCConfigurationList section */
	};
	rootObject = 490E05E31C9D77F30016BA6F /* Project object */;
}
